{
  "name": "mequiere-nomequiere",
  "version": "1.0.0",
  "lockfileVersion": 2,
  "requires": true,
  "packages": {
    "": {
      "name": "mequiere-nomequiere",
      "version": "1.0.0",
      "license": "ISC",
      "dependencies": {
        "nanocolors": "^0.1.6"
      }
    },
    "node_modules/nanocolors": {
      "version": "0.1.6",
      "resolved": "https://registry.npmjs.org/nanocolors/-/nanocolors-0.1.6.tgz",
      "integrity": "sha512-2pvTw6vYRaBLGir2xR7MxaJtyWkrn+C53EpW8yPotG+pdAwBvt0Xwk4VJ6VHLY0aLthVZPvDfm9TdZvrvAm5UQ==",
      "engines": {
        "node": ">=8.0.0"
      }
    }
  },
  "dependencies": {
    "nanocolors": {
      "version": "0.1.6",
      "resolved": "https://registry.npmjs.org/nanocolors/-/nanocolors-0.1.6.tgz",
      "integrity": "sha512-2pvTw6vYRaBLGir2xR7MxaJtyWkrn+C53EpW8yPotG+pdAwBvt0Xwk4VJ6VHLY0aLthVZPvDfm9TdZvrvAm5UQ=="
    }
  }
}
